// !$*UTF8*$!
{
	archiveVersion = 1;
	classes = {
	};
	objectVersion = 46;
	objects = {

/* Begin PBXBuildFile section */
		BFE1894F1EB18EFF00D489D9 /* AppDelegate.swift in Sources */ = {isa = PBXBuildFile; fileRef = BFE1894E1EB18EFF00D489D9 /* AppDelegate.swift */; };
		BFE189511EB18EFF00D489D9 /* ViewController.swift in Sources */ = {isa = PBXBuildFile; fileRef = BFE189501EB18EFF00D489D9 /* ViewController.swift */; };
		BFE189541EB18EFF00D489D9 /* Main.storyboard in Resources */ = {isa = PBXBuildFile; fileRef = BFE189521EB18EFF00D489D9 /* Main.storyboard */; };
		BFE189561EB18EFF00D489D9 /* Assets.xcassets in Resources */ = {isa = PBXBuildFile; fileRef = BFE189551EB18EFF00D489D9 /* Assets.xcassets */; };
		BFE189591EB18EFF00D489D9 /* LaunchScreen.storyboard in Resources */ = {isa = PBXBuildFile; fileRef = BFE189571EB18EFF00D489D9 /* LaunchScreen.storyboard */; };
		DD6E2F5D2BD7D5D3A1518163 /* Pods_codepath_Tinder.framework in Frameworks */ = {isa = PBXBuildFile; fileRef = FE1AD6FDE5772F3732EED66F /* Pods_codepath_Tinder.framework */; };
/* End PBXBuildFile section */

/* Begin PBXFileReference section */
		1F13692554A595EE25565B77 /* Pods-codepath-Tinder.release.xcconfig */ = {isa = PBXFileReference; includeInIndex = 1; lastKnownFileType = text.xcconfig; name = "Pods-codepath-Tinder.release.xcconfig"; path = "Pods/Target Support Files/Pods-codepath-Tinder/Pods-codepath-Tinder.release.xcconfig"; sourceTree = "<group>"; };
		BFE1894B1EB18EFF00D489D9 /* codepath-Tinder.app */ = {isa = PBXFileReference; explicitFileType = wrapper.application; includeInIndex = 0; path = "codepath-Tinder.app"; sourceTree = BUILT_PRODUCTS_DIR; };
		BFE1894E1EB18EFF00D489D9 /* AppDelegate.swift */ = {isa = PBXFileReference; lastKnownFileType = sourcecode.swift; path = AppDelegate.swift; sourceTree = "<group>"; };
		BFE189501EB18EFF00D489D9 /* ViewController.swift */ = {isa = PBXFileReference; lastKnownFileType = sourcecode.swift; path = ViewController.swift; sourceTree = "<group>"; };
		BFE189531EB18EFF00D489D9 /* Base */ = {isa = PBXFileReference; lastKnownFileType = file.storyboard; name = Base; path = Base.lproj/Main.storyboard; sourceTree = "<group>"; };
		BFE189551EB18EFF00D489D9 /* Assets.xcassets */ = {isa = PBXFileReference; lastKnownFileType = folder.assetcatalog; path = Assets.xcassets; sourceTree = "<group>"; };
		BFE189581EB18EFF00D489D9 /* Base */ = {isa = PBXFileReference; lastKnownFileType = file.storyboard; name = Base; path = Base.lproj/LaunchScreen.storyboard; sourceTree = "<group>"; };
		BFE1895A1EB18EFF00D489D9 /* Info.plist */ = {isa = PBXFileReference; lastKnownFileType = text.plist.xml; path = Info.plist; sourceTree = "<group>"; };
		E750C9FC011F965EB7E84854 /* Pods-codepath-Tinder.debug.xcconfig */ = {isa = PBXFileReference; includeInIndex = 1; lastKnownFileType = text.xcconfig; name = "Pods-codepath-Tinder.debug.xcconfig"; path = "Pods/Target Support Files/Pods-codepath-Tinder/Pods-codepath-Tinder.debug.xcconfig"; sourceTree = "<group>"; };
		FE1AD6FDE5772F3732EED66F /* Pods_codepath_Tinder.framework */ = {isa = PBXFileReference; explicitFileType = wrapper.framework; includeInIndex = 0; path = Pods_codepath_Tinder.framework; sourceTree = BUILT_PRODUCTS_DIR; };
/* End PBXFileReference section */

/* Begin PBXFrameworksBuildPhase section */
		BFE189481EB18EFF00D489D9 /* Frameworks */ = {
			isa = PBXFrameworksBuildPhase;
			buildActionMask = 2147483647;
			files = (
				DD6E2F5D2BD7D5D3A1518163 /* Pods_codepath_Tinder.framework in Frameworks */,
			);
			runOnlyForDeploymentPostprocessing = 0;
		};
/* End PBXFrameworksBuildPhase section */

/* Begin PBXGroup section */
		173114CB9C7501033CEAFF33 /* Pods */ = {
			isa = PBXGroup;
			children = (
				E750C9FC011F965EB7E84854 /* Pods-codepath-Tinder.debug.xcconfig */,
				1F13692554A595EE25565B77 /* Pods-codepath-Tinder.release.xcconfig */,
			);
			name = Pods;
			sourceTree = "<group>";
		};
		6B3910F6C20D47B4A6536E2F /* Frameworks */ = {
			isa = PBXGroup;
			children = (
				FE1AD6FDE5772F3732EED66F /* Pods_codepath_Tinder.framework */,
			);
			name = Frameworks;
			sourceTree = "<group>";
		};
		BFE189421EB18EFF00D489D9 = {
			isa = PBXGroup;
			children = (
				BFE1894D1EB18EFF00D489D9 /* codepath-Tinder */,
				BFE1894C1EB18EFF00D489D9 /* Products */,
				173114CB9C7501033CEAFF33 /* Pods */,
				6B3910F6C20D47B4A6536E2F /* Frameworks */,
			);
			sourceTree = "<group>";
		};
		BFE1894C1EB18EFF00D489D9 /* Products */ = {
			isa = PBXGroup;
			children = (
				BFE1894B1EB18EFF00D489D9 /* codepath-Tinder.app */,
			);
			name = Products;
			sourceTree = "<group>";
		};
		BFE1894D1EB18EFF00D489D9 /* codepath-Tinder */ = {
			isa = PBXGroup;
			children = (
				BFE1894E1EB18EFF00D489D9 /* AppDelegate.swift */,
				BFE189501EB18EFF00D489D9 /* ViewController.swift */,
				BFE189521EB18EFF00D489D9 /* Main.storyboard */,
				BFE189551EB18EFF00D489D9 /* Assets.xcassets */,
				BFE189571EB18EFF00D489D9 /* LaunchScreen.storyboard */,
				BFE1895A1EB18EFF00D489D9 /* Info.plist */,
			);
			path = "codepath-Tinder";
			sourceTree = "<group>";
		};
/* End PBXGroup section */

/* Begin PBXNativeTarget section */
		BFE1894A1EB18EFF00D489D9 /* codepath-Tinder */ = {
			isa = PBXNativeTarget;
			buildConfigurationList = BFE1895D1EB18EFF00D489D9 /* Build configuration list for PBXNativeTarget "codepath-Tinder" */;
			buildPhases = (
				C55F0FFF3F70A4DC83F56E1A /* [CP] Check Pods Manifest.lock */,
				BFE189471EB18EFF00D489D9 /* Sources */,
				BFE189481EB18EFF00D489D9 /* Frameworks */,
				BFE189491EB18EFF00D489D9 /* Resources */,
				88490CDDF33555874BD24DEE /* [CP] Embed Pods Frameworks */,
				2068C5EC04FEC8D28293130D /* [CP] Copy Pods Resources */,
			);
			buildRules = (
			);
			dependencies = (
			);
			name = "codepath-Tinder";
			productName = "codepath-Tinder";
			productReference = BFE1894B1EB18EFF00D489D9 /* codepath-Tinder.app */;
			productType = "com.apple.product-type.application";
		};
/* End PBXNativeTarget section */

/* Begin PBXProject section */
		BFE189431EB18EFF00D489D9 /* Project object */ = {
			isa = PBXProject;
			attributes = {
				LastSwiftUpdateCheck = 0830;
				LastUpgradeCheck = 0830;
				ORGANIZATIONNAME = Area42;
				TargetAttributes = {
					BFE1894A1EB18EFF00D489D9 = {
						CreatedOnToolsVersion = 8.3;
						ProvisioningStyle = Automatic;
					};
				};
			};
			buildConfigurationList = BFE189461EB18EFF00D489D9 /* Build configuration list for PBXProject "codepath-Tinder" */;
			compatibilityVersion = "Xcode 3.2";
			developmentRegion = English;
			hasScannedForEncodings = 0;
			knownRegions = (
				en,
				Base,
			);
			mainGroup = BFE189421EB18EFF00D489D9;
			productRefGroup = BFE1894C1EB18EFF00D489D9 /* Products */;
			projectDirPath = "";
			projectRoot = "";
			targets = (
				BFE1894A1EB18EFF00D489D9 /* codepath-Tinder */,
			);
		};
/* End PBXProject section */

/* Begin PBXResourcesBuildPhase section */
		BFE189491EB18EFF00D489D9 /* Resources */ = {
			isa = PBXResourcesBuildPhase;
			buildActionMask = 2147483647;
			files = (
				BFE189591EB18EFF00D489D9 /* LaunchScreen.storyboard in Resources */,
				BFE189561EB18EFF00D489D9 /* Assets.xcassets in Resources */,
				BFE189541EB18EFF00D489D9 /* Main.storyboard in Resources */,
			);
			runOnlyForDeploymentPostprocessing = 0;
		};
/* End PBXResourcesBuildPhase section */

/* Begin PBXShellScriptBuildPhase section */
		2068C5EC04FEC8D28293130D /* [CP] Copy Pods Resources */ = {
			isa = PBXShellScriptBuildPhase;
			buildActionMask = 2147483647;
			files = (
			);
			inputPaths = (
			);
			name = "[CP] Copy Pods Resources";
			outputPaths = (
			);
			runOnlyForDeploymentPostprocessing = 0;
			shellPath = /bin/sh;
			shellScript = "\"${SRCROOT}/Pods/Target Support Files/Pods-codepath-Tinder/Pods-codepath-Tinder-resources.sh\"\n";
			showEnvVarsInLog = 0;
		};
		88490CDDF33555874BD24DEE /* [CP] Embed Pods Frameworks */ = {
			isa = PBXShellScriptBuildPhase;
			buildActionMask = 2147483647;
			files = (
			);
			inputPaths = (
			);
			name = "[CP] Embed Pods Frameworks";
			outputPaths = (
			);
			runOnlyForDeploymentPostprocessing = 0;
			shellPath = /bin/sh;
			shellScript = "\"${SRCROOT}/Pods/Target Support Files/Pods-codepath-Tinder/Pods-codepath-Tinder-frameworks.sh\"\n";
			showEnvVarsInLog = 0;
		};
		C55F0FFF3F70A4DC83F56E1A /* [CP] Check Pods Manifest.lock */ = {
			isa = PBXShellScriptBuildPhase;
			buildActionMask = 2147483647;
			files = (
			);
			inputPaths = (
			);
			name = "[CP] Check Pods Manifest.lock";
			outputPaths = (
			);
			runOnlyForDeploymentPostprocessing = 0;
			shellPath = /bin/sh;
			shellScript = "diff \"${PODS_ROOT}/../Podfile.lock\" \"${PODS_ROOT}/Manifest.lock\" > /dev/null\nif [ $? != 0 ] ; then\n    # print error to STDERR\n    echo \"error: The sandbox is not in sync with the Podfile.lock. Run 'pod install' or update your CocoaPods installation.\" >&2\n    exit 1\nfi\n";
			showEnvVarsInLog = 0;
		};
/* End PBXShellScriptBuildPhase section */

/* Begin PBXSourcesBuildPhase section */
		BFE189471EB18EFF00D489D9 /* Sources */ = {
			isa = PBXSourcesBuildPhase;
			buildActionMask = 2147483647;
			files = (
				BFE189511EB18EFF00D489D9 /* ViewController.swift in Sources */,
				BFE1894F1EB18EFF00D489D9 /* AppDelegate.swift in Sources */,
			);
			runOnlyForDeploymentPostprocessing = 0;
		};
/* End PBXSourcesBuildPhase section */

/* Begin PBXVariantGroup section */
		BFE189521EB18EFF00D489D9 /* Main.storyboard */ = {
			isa = PBXVariantGroup;
			children = (
				BFE189531EB18EFF00D489D9 /* Base */,
			);
			name = Main.storyboard;
			sourceTree = "<group>";
		};
		BFE189571EB18EFF00D489D9 /* LaunchScreen.storyboard */ = {
			isa = PBXVariantGroup;
			children = (
				BFE189581EB18EFF00D489D9 /* Base */,
			);
			name = LaunchScreen.storyboard;
			sourceTree = "<group>";
		};
/* End PBXVariantGroup section */

/* Begin XCBuildConfiguration section */
		BFE1895B1EB18EFF00D489D9 /* Debug */ = {
			isa = XCBuildConfiguration;
			buildSettings = {
				ALWAYS_SEARCH_USER_PATHS = NO;
				CLANG_ANALYZER_NONNULL = YES;
				CLANG_ANALYZER_NUMBER_OBJECT_CONVERSION = YES_AGGRESSIVE;
				CLANG_CXX_LANGUAGE_STANDARD = "gnu++0x";
				CLANG_CXX_LIBRARY = "libc++";
				CLANG_ENABLE_MODULES = YES;
				CLANG_ENABLE_OBJC_ARC = YES;
				CLANG_WARN_BOOL_CONVERSION = YES;
				CLANG_WARN_CONSTANT_CONVERSION = YES;
				CLANG_WARN_DIRECT_OBJC_ISA_USAGE = YES_ERROR;
				CLANG_WARN_DOCUMENTATION_COMMENTS = YES;
				CLANG_WARN_EMPTY_BODY = YES;
				CLANG_WARN_ENUM_CONVERSION = YES;
				CLANG_WARN_INFINITE_RECURSION = YES;
				CLANG_WARN_INT_CONVERSION = YES;
				CLANG_WARN_OBJC_ROOT_CLASS = YES_ERROR;
				CLANG_WARN_SUSPICIOUS_MOVE = YES;
				CLANG_WARN_UNREACHABLE_CODE = YES;
				CLANG_WARN__DUPLICATE_METHOD_MATCH = YES;
				"CODE_SIGN_IDENTITY[sdk=iphoneos*]" = "iPhone Developer";
				COPY_PHASE_STRIP = NO;
				DEBUG_INFORMATION_FORMAT = dwarf;
				ENABLE_STRICT_OBJC_MSGSEND = YES;
				ENABLE_TESTABILITY = YES;
				GCC_C_LANGUAGE_STANDARD = gnu99;
				GCC_DYNAMIC_NO_PIC = NO;
				GCC_NO_COMMON_BLOCKS = YES;
				GCC_OPTIMIZATION_LEVEL = 0;
				GCC_PREPROCESSOR_DEFINITIONS = (
					"DEBUG=1",
					"$(inherited)",
				);
				GCC_WARN_64_TO_32_BIT_CONVERSION = YES;
				GCC_WARN_ABOUT_RETURN_TYPE = YES_ERROR;
				GCC_WARN_UNDECLARED_SELECTOR = YES;
				GCC_WARN_UNINITIALIZED_AUTOS = YES_AGGRESSIVE;
				GCC_WARN_UNUSED_FUNCTION = YES;
				GCC_WARN_UNUSED_VARIABLE = YES;
				IPHONEOS_DEPLOYMENT_TARGET = 10.3;
				MTL_ENABLE_DEBUG_INFO = YES;
				ONLY_ACTIVE_ARCH = YES;
				SDKROOT = iphoneos;
				SWIFT_ACTIVE_COMPILATION_CONDITIONS = DEBUG;
				SWIFT_OPTIMIZATION_LEVEL = "-Onone";
				TARGETED_DEVICE_FAMILY = "1,2";
			};
			name = Debug;
		};
		BFE1895C1EB18EFF00D489D9 /* Release */ = {
			isa = XCBuildConfiguration;
			buildSettings = {
				ALWAYS_SEARCH_USER_PATHS = NO;
				CLANG_ANALYZER_NONNULL = YES;
				CLANG_ANALYZER_NUMBER_OBJECT_CONVERSION = YES_AGGRESSIVE;
				CLANG_CXX_LANGUAGE_STANDARD = "gnu++0x";
				CLANG_CXX_LIBRARY = "libc++";
				CLANG_ENABLE_MODULES = YES;
				CLANG_ENABLE_OBJC_ARC = YES;
				CLANG_WARN_BOOL_CONVERSION = YES;
				CLANG_WARN_CONSTANT_CONVERSION = YES;
				CLANG_WARN_DIRECT_OBJC_ISA_USAGE = YES_ERROR;
				CLANG_WARN_DOCUMENTATION_COMMENTS = YES;
				CLANG_WARN_EMPTY_BODY = YES;
				CLANG_WARN_ENUM_CONVERSION = YES;
				CLANG_WARN_INFINITE_RECURSION = YES;
				CLANG_WARN_INT_CONVERSION = YES;
				CLANG_WARN_OBJC_ROOT_CLASS = YES_ERROR;
				CLANG_WARN_SUSPICIOUS_MOVE = YES;
				CLANG_WARN_UNREACHABLE_CODE = YES;
				CLANG_WARN__DUPLICATE_METHOD_MATCH = YES;
				"CODE_SIGN_IDENTITY[sdk=iphoneos*]" = "iPhone Developer";
				COPY_PHASE_STRIP = NO;
				DEBUG_INFORMATION_FORMAT = "dwarf-with-dsym";
				ENABLE_NS_ASSERTIONS = NO;
				ENABLE_STRICT_OBJC_MSGSEND = YES;
				GCC_C_LANGUAGE_STANDARD = gnu99;
				GCC_NO_COMMON_BLOCKS = YES;
				GCC_WARN_64_TO_32_BIT_CONVERSION = YES;
				GCC_WARN_ABOUT_RETURN_TYPE = YES_ERROR;
				GCC_WARN_UNDECLARED_SELECTOR = YES;
				GCC_WARN_UNINITIALIZED_AUTOS = YES_AGGRESSIVE;
				GCC_WARN_UNUSED_FUNCTION = YES;
				GCC_WARN_UNUSED_VARIABLE = YES;
				IPHONEOS_DEPLOYMENT_TARGET = 10.3;
				MTL_ENABLE_DEBUG_INFO = NO;
				SDKROOT = iphoneos;
				SWIFT_OPTIMIZATION_LEVEL = "-Owholemodule";
				TARGETED_DEVICE_FAMILY = "1,2";
				VALIDATE_PRODUCT = YES;
			};
			name = Release;
		};
		BFE1895E1EB18EFF00D489D9 /* Debug */ = {
			isa = XCBuildConfiguration;
			baseConfigurationReference = E750C9FC011F965EB7E84854 /* Pods-codepath-Tinder.debug.xcconfig */;
			buildSettings = {
				ASSETCATALOG_COMPILER_APPICON_NAME = AppIcon;
				INFOPLIST_FILE = "codepath-Tinder/Info.plist";
				LD_RUNPATH_SEARCH_PATHS = "$(inherited) @executable_path/Frameworks";
				PRODUCT_BUNDLE_IDENTIFIER = "com.thearea42.codepath-Tinder";
				PRODUCT_NAME = "$(TARGET_NAME)";
				SWIFT_VERSION = 3.0;
			};
			name = Debug;
		};
		BFE1895F1EB18EFF00D489D9 /* Release */ = {
			isa = XCBuildConfiguration;
			baseConfigurationReference = 1F13692554A595EE25565B77 /* Pods-codepath-Tinder.release.xcconfig */;
			buildSettings = {
				ASSETCATALOG_COMPILER_APPICON_NAME = AppIcon;
				INFOPLIST_FILE = "codepath-Tinder/Info.plist";
				LD_RUNPATH_SEARCH_PATHS = "$(inherited) @executable_path/Frameworks";
				PRODUCT_BUNDLE_IDENTIFIER = "com.thearea42.codepath-Tinder";
				PRODUCT_NAME = "$(TARGET_NAME)";
				SWIFT_VERSION = 3.0;
			};
			name = Release;
		};
/* End XCBuildConfiguration section */

/* Begin XCConfigurationList section */
		BFE189461EB18EFF00D489D9 /* Build configuration list for PBXProject "codepath-Tinder" */ = {
			isa = XCConfigurationList;
			buildConfigurations = (
				BFE1895B1EB18EFF00D489D9 /* Debug */,
				BFE1895C1EB18EFF00D489D9 /* Release */,
			);
			defaultConfigurationIsVisible = 0;
			defaultConfigurationName = Release;
		};
		BFE1895D1EB18EFF00D489D9 /* Build configuration list for PBXNativeTarget "codepath-Tinder" */ = {
			isa = XCConfigurationList;
			buildConfigurations = (
				BFE1895E1EB18EFF00D489D9 /* Debug */,
				BFE1895F1EB18EFF00D489D9 /* Release */,
			);
			defaultConfigurationIsVisible = 0;
		};
/* End XCConfigurationList section */
	};
	rootObject = BFE189431EB18EFF00D489D9 /* Project object */;
}
